
Microsoft Visual Studio Solution File, Format Version 12.00
# Visual Studio Version 17
VisualStudioVersion = 17.11.34929.205
MinimumVisualStudioVersion = 10.0.40219.1
Project("{9A19103F-16F7-4668-BE54-9A1E7A4F7556}") = "ApiECommerce", "ApiECommerce\ApiECommerce.csproj", "{6DCCE99E-B33C-40BE-BE98-E60C5F23512B}"
EndProject
Global
	GlobalSection(SolutionConfigurationPlatforms) = preSolution
		Debug|Any CPU = Debug|Any CPU
		Release|Any CPU = Release|Any CPU
	EndGlobalSection
	GlobalSection(ProjectConfigurationPlatforms) = postSolution
		{6DCCE99E-B33C-40BE-BE98-E60C5F23512B}.Debug|Any CPU.ActiveCfg = Debug|Any CPU
		{6DCCE99E-B33C-40BE-BE98-E60C5F23512B}.Debug|Any CPU.Build.0 = Debug|Any CPU
		{6DCCE99E-B33C-40BE-BE98-E60C5F23512B}.Release|Any CPU.ActiveCfg = Release|Any CPU
		{6DCCE99E-B33C-40BE-BE98-E60C5F23512B}.Release|Any CPU.Build.0 = Release|Any CPU
	EndGlobalSection
	GlobalSection(SolutionProperties) = preSolution
		HideSolutionNode = FALSE
	EndGlobalSection
	GlobalSection(ExtensibilityGlobals) = postSolution
		SolutionGuid = {0C95FEB1-DEF0-4B29-9A03-7D9A340F51A0}
	EndGlobalSection
EndGlobal
